// !$*UTF8*$!
{
	archiveVersion = 1;
	classes = {
	};
	objectVersion = 56;
	objects = {

/* Begin PBXBuildFile section */
		0EDCEE53299E68AF00B8DAAE /* AppDelegate.swift in Sources */ = {isa = PBXBuildFile; fileRef = 0EDCEE52299E68AF00B8DAAE /* AppDelegate.swift */; };
		0EDCEE55299E68AF00B8DAAE /* SceneDelegate.swift in Sources */ = {isa = PBXBuildFile; fileRef = 0EDCEE54299E68AF00B8DAAE /* SceneDelegate.swift */; };
		0EDCEE57299E68AF00B8DAAE /* ViewController.swift in Sources */ = {isa = PBXBuildFile; fileRef = 0EDCEE56299E68AF00B8DAAE /* ViewController.swift */; };
		0EDCEE5A299E68AF00B8DAAE /* Main.storyboard in Resources */ = {isa = PBXBuildFile; fileRef = 0EDCEE58299E68AF00B8DAAE /* Main.storyboard */; };
		0EDCEE5C299E68B000B8DAAE /* Assets.xcassets in Resources */ = {isa = PBXBuildFile; fileRef = 0EDCEE5B299E68B000B8DAAE /* Assets.xcassets */; };
		0EDCEE5F299E68B000B8DAAE /* LaunchScreen.storyboard in Resources */ = {isa = PBXBuildFile; fileRef = 0EDCEE5D299E68B000B8DAAE /* LaunchScreen.storyboard */; };
		0EDCEE6A299E68B000B8DAAE /* TodayTests.swift in Sources */ = {isa = PBXBuildFile; fileRef = 0EDCEE69299E68B000B8DAAE /* TodayTests.swift */; };
		0EDCEE74299E68B000B8DAAE /* TodayUITests.swift in Sources */ = {isa = PBXBuildFile; fileRef = 0EDCEE73299E68B000B8DAAE /* TodayUITests.swift */; };
		0EDCEE76299E68B000B8DAAE /* TodayUITestsLaunchTests.swift in Sources */ = {isa = PBXBuildFile; fileRef = 0EDCEE75299E68B000B8DAAE /* TodayUITestsLaunchTests.swift */; };
/* End PBXBuildFile section */

/* Begin PBXContainerItemProxy section */
		0EDCEE66299E68B000B8DAAE /* PBXContainerItemProxy */ = {
			isa = PBXContainerItemProxy;
			containerPortal = 0EDCEE47299E68AF00B8DAAE /* Project object */;
			proxyType = 1;
			remoteGlobalIDString = 0EDCEE4E299E68AF00B8DAAE;
			remoteInfo = Today;
		};
		0EDCEE70299E68B000B8DAAE /* PBXContainerItemProxy */ = {
			isa = PBXContainerItemProxy;
			containerPortal = 0EDCEE47299E68AF00B8DAAE /* Project object */;
			proxyType = 1;
			remoteGlobalIDString = 0EDCEE4E299E68AF00B8DAAE;
			remoteInfo = Today;
		};
/* End PBXContainerItemProxy section */

/* Begin PBXFileReference section */
		0EDCEE4F299E68AF00B8DAAE /* Today.app */ = {isa = PBXFileReference; explicitFileType = wrapper.application; includeInIndex = 0; path = Today.app; sourceTree = BUILT_PRODUCTS_DIR; };
		0EDCEE52299E68AF00B8DAAE /* AppDelegate.swift */ = {isa = PBXFileReference; lastKnownFileType = sourcecode.swift; path = AppDelegate.swift; sourceTree = "<group>"; };
		0EDCEE54299E68AF00B8DAAE /* SceneDelegate.swift */ = {isa = PBXFileReference; lastKnownFileType = sourcecode.swift; path = SceneDelegate.swift; sourceTree = "<group>"; };
		0EDCEE56299E68AF00B8DAAE /* ViewController.swift */ = {isa = PBXFileReference; lastKnownFileType = sourcecode.swift; path = ViewController.swift; sourceTree = "<group>"; };
		0EDCEE59299E68AF00B8DAAE /* Base */ = {isa = PBXFileReference; lastKnownFileType = file.storyboard; name = Base; path = Base.lproj/Main.storyboard; sourceTree = "<group>"; };
		0EDCEE5B299E68B000B8DAAE /* Assets.xcassets */ = {isa = PBXFileReference; lastKnownFileType = folder.assetcatalog; path = Assets.xcassets; sourceTree = "<group>"; };
		0EDCEE5E299E68B000B8DAAE /* Base */ = {isa = PBXFileReference; lastKnownFileType = file.storyboard; name = Base; path = Base.lproj/LaunchScreen.storyboard; sourceTree = "<group>"; };
		0EDCEE60299E68B000B8DAAE /* Info.plist */ = {isa = PBXFileReference; lastKnownFileType = text.plist.xml; path = Info.plist; sourceTree = "<group>"; };
		0EDCEE65299E68B000B8DAAE /* TodayTests.xctest */ = {isa = PBXFileReference; explicitFileType = wrapper.cfbundle; includeInIndex = 0; path = TodayTests.xctest; sourceTree = BUILT_PRODUCTS_DIR; };
		0EDCEE69299E68B000B8DAAE /* TodayTests.swift */ = {isa = PBXFileReference; lastKnownFileType = sourcecode.swift; path = TodayTests.swift; sourceTree = "<group>"; };
		0EDCEE6F299E68B000B8DAAE /* TodayUITests.xctest */ = {isa = PBXFileReference; explicitFileType = wrapper.cfbundle; includeInIndex = 0; path = TodayUITests.xctest; sourceTree = BUILT_PRODUCTS_DIR; };
		0EDCEE73299E68B000B8DAAE /* TodayUITests.swift */ = {isa = PBXFileReference; lastKnownFileType = sourcecode.swift; path = TodayUITests.swift; sourceTree = "<group>"; };
		0EDCEE75299E68B000B8DAAE /* TodayUITestsLaunchTests.swift */ = {isa = PBXFileReference; lastKnownFileType = sourcecode.swift; path = TodayUITestsLaunchTests.swift; sourceTree = "<group>"; };
/* End PBXFileReference section */

/* Begin PBXFrameworksBuildPhase section */
		0EDCEE4C299E68AF00B8DAAE /* Frameworks */ = {
			isa = PBXFrameworksBuildPhase;
			buildActionMask = 2147483647;
			files = (
			);
			runOnlyForDeploymentPostprocessing = 0;
		};
		0EDCEE62299E68B000B8DAAE /* Frameworks */ = {
			isa = PBXFrameworksBuildPhase;
			buildActionMask = 2147483647;
			files = (
			);
			runOnlyForDeploymentPostprocessing = 0;
		};
		0EDCEE6C299E68B000B8DAAE /* Frameworks */ = {
			isa = PBXFrameworksBuildPhase;
			buildActionMask = 2147483647;
			files = (
			);
			runOnlyForDeploymentPostprocessing = 0;
		};
/* End PBXFrameworksBuildPhase section */

/* Begin PBXGroup section */
		0EDCEE46299E68AF00B8DAAE = {
			isa = PBXGroup;
			children = (
				0EDCEE51299E68AF00B8DAAE /* Today */,
				0EDCEE68299E68B000B8DAAE /* TodayTests */,
				0EDCEE72299E68B000B8DAAE /* TodayUITests */,
				0EDCEE50299E68AF00B8DAAE /* Products */,
			);
			sourceTree = "<group>";
		};
		0EDCEE50299E68AF00B8DAAE /* Products */ = {
			isa = PBXGroup;
			children = (
				0EDCEE4F299E68AF00B8DAAE /* Today.app */,
				0EDCEE65299E68B000B8DAAE /* TodayTests.xctest */,
				0EDCEE6F299E68B000B8DAAE /* TodayUITests.xctest */,
			);
			name = Products;
			sourceTree = "<group>";
		};
		0EDCEE51299E68AF00B8DAAE /* Today */ = {
			isa = PBXGroup;
			children = (
				0EDCEE52299E68AF00B8DAAE /* AppDelegate.swift */,
				0EDCEE54299E68AF00B8DAAE /* SceneDelegate.swift */,
				0EDCEE56299E68AF00B8DAAE /* ViewController.swift */,
				0EDCEE58299E68AF00B8DAAE /* Main.storyboard */,
				0EDCEE5B299E68B000B8DAAE /* Assets.xcassets */,
				0EDCEE5D299E68B000B8DAAE /* LaunchScreen.storyboard */,
				0EDCEE60299E68B000B8DAAE /* Info.plist */,
			);
			path = Today;
			sourceTree = "<group>";
		};
		0EDCEE68299E68B000B8DAAE /* TodayTests */ = {
			isa = PBXGroup;
			children = (
				0EDCEE69299E68B000B8DAAE /* TodayTests.swift */,
			);
			path = TodayTests;
			sourceTree = "<group>";
		};
		0EDCEE72299E68B000B8DAAE /* TodayUITests */ = {
			isa = PBXGroup;
			children = (
				0EDCEE73299E68B000B8DAAE /* TodayUITests.swift */,
				0EDCEE75299E68B000B8DAAE /* TodayUITestsLaunchTests.swift */,
			);
			path = TodayUITests;
			sourceTree = "<group>";
		};
/* End PBXGroup section */

/* Begin PBXNativeTarget section */
		0EDCEE4E299E68AF00B8DAAE /* Today */ = {
			isa = PBXNativeTarget;
			buildConfigurationList = 0EDCEE79299E68B000B8DAAE /* Build configuration list for PBXNativeTarget "Today" */;
			buildPhases = (
				0EDCEE4B299E68AF00B8DAAE /* Sources */,
				0EDCEE4C299E68AF00B8DAAE /* Frameworks */,
				0EDCEE4D299E68AF00B8DAAE /* Resources */,
			);
			buildRules = (
			);
			dependencies = (
			);
			name = Today;
			productName = Today;
			productReference = 0EDCEE4F299E68AF00B8DAAE /* Today.app */;
			productType = "com.apple.product-type.application";
		};
		0EDCEE64299E68B000B8DAAE /* TodayTests */ = {
			isa = PBXNativeTarget;
			buildConfigurationList = 0EDCEE7C299E68B000B8DAAE /* Build configuration list for PBXNativeTarget "TodayTests" */;
			buildPhases = (
				0EDCEE61299E68B000B8DAAE /* Sources */,
				0EDCEE62299E68B000B8DAAE /* Frameworks */,
				0EDCEE63299E68B000B8DAAE /* Resources */,
			);
			buildRules = (
			);
			dependencies = (
				0EDCEE67299E68B000B8DAAE /* PBXTargetDependency */,
			);
			name = TodayTests;
			productName = TodayTests;
			productReference = 0EDCEE65299E68B000B8DAAE /* TodayTests.xctest */;
			productType = "com.apple.product-type.bundle.unit-test";
		};
		0EDCEE6E299E68B000B8DAAE /* TodayUITests */ = {
			isa = PBXNativeTarget;
			buildConfigurationList = 0EDCEE7F299E68B000B8DAAE /* Build configuration list for PBXNativeTarget "TodayUITests" */;
			buildPhases = (
				0EDCEE6B299E68B000B8DAAE /* Sources */,
				0EDCEE6C299E68B000B8DAAE /* Frameworks */,
				0EDCEE6D299E68B000B8DAAE /* Resources */,
			);
			buildRules = (
			);
			dependencies = (
				0EDCEE71299E68B000B8DAAE /* PBXTargetDependency */,
			);
			name = TodayUITests;
			productName = TodayUITests;
			productReference = 0EDCEE6F299E68B000B8DAAE /* TodayUITests.xctest */;
			productType = "com.apple.product-type.bundle.ui-testing";
		};
/* End PBXNativeTarget section */

/* Begin PBXProject section */
		0EDCEE47299E68AF00B8DAAE /* Project object */ = {
			isa = PBXProject;
			attributes = {
				BuildIndependentTargetsInParallel = 1;
				LastSwiftUpdateCheck = 1420;
				LastUpgradeCheck = 1420;
				TargetAttributes = {
					0EDCEE4E299E68AF00B8DAAE = {
						CreatedOnToolsVersion = 14.2;
					};
					0EDCEE64299E68B000B8DAAE = {
						CreatedOnToolsVersion = 14.2;
						TestTargetID = 0EDCEE4E299E68AF00B8DAAE;
					};
					0EDCEE6E299E68B000B8DAAE = {
						CreatedOnToolsVersion = 14.2;
						TestTargetID = 0EDCEE4E299E68AF00B8DAAE;
					};
				};
			};
			buildConfigurationList = 0EDCEE4A299E68AF00B8DAAE /* Build configuration list for PBXProject "Today" */;
			compatibilityVersion = "Xcode 14.0";
			developmentRegion = en;
			hasScannedForEncodings = 0;
			knownRegions = (
				en,
				Base,
			);
			mainGroup = 0EDCEE46299E68AF00B8DAAE;
			productRefGroup = 0EDCEE50299E68AF00B8DAAE /* Products */;
			projectDirPath = "";
			projectRoot = "";
			targets = (
				0EDCEE4E299E68AF00B8DAAE /* Today */,
				0EDCEE64299E68B000B8DAAE /* TodayTests */,
				0EDCEE6E299E68B000B8DAAE /* TodayUITests */,
			);
		};
/* End PBXProject section */

/* Begin PBXResourcesBuildPhase section */
		0EDCEE4D299E68AF00B8DAAE /* Resources */ = {
			isa = PBXResourcesBuildPhase;
			buildActionMask = 2147483647;
			files = (
				0EDCEE5F299E68B000B8DAAE /* LaunchScreen.storyboard in Resources */,
				0EDCEE5C299E68B000B8DAAE /* Assets.xcassets in Resources */,
				0EDCEE5A299E68AF00B8DAAE /* Main.storyboard in Resources */,
			);
			runOnlyForDeploymentPostprocessing = 0;
		};
		0EDCEE63299E68B000B8DAAE /* Resources */ = {
			isa = PBXResourcesBuildPhase;
			buildActionMask = 2147483647;
			files = (
			);
			runOnlyForDeploymentPostprocessing = 0;
		};
		0EDCEE6D299E68B000B8DAAE /* Resources */ = {
			isa = PBXResourcesBuildPhase;
			buildActionMask = 2147483647;
			files = (
			);
			runOnlyForDeploymentPostprocessing = 0;
		};
/* End PBXResourcesBuildPhase section */

/* Begin PBXSourcesBuildPhase section */
		0EDCEE4B299E68AF00B8DAAE /* Sources */ = {
			isa = PBXSourcesBuildPhase;
			buildActionMask = 2147483647;
			files = (
				0EDCEE57299E68AF00B8DAAE /* ViewController.swift in Sources */,
				0EDCEE53299E68AF00B8DAAE /* AppDelegate.swift in Sources */,
				0EDCEE55299E68AF00B8DAAE /* SceneDelegate.swift in Sources */,
			);
			runOnlyForDeploymentPostprocessing = 0;
		};
		0EDCEE61299E68B000B8DAAE /* Sources */ = {
			isa = PBXSourcesBuildPhase;
			buildActionMask = 2147483647;
			files = (
				0EDCEE6A299E68B000B8DAAE /* TodayTests.swift in Sources */,
			);
			runOnlyForDeploymentPostprocessing = 0;
		};
		0EDCEE6B299E68B000B8DAAE /* Sources */ = {
			isa = PBXSourcesBuildPhase;
			buildActionMask = 2147483647;
			files = (
				0EDCEE76299E68B000B8DAAE /* TodayUITestsLaunchTests.swift in Sources */,
				0EDCEE74299E68B000B8DAAE /* TodayUITests.swift in Sources */,
			);
			runOnlyForDeploymentPostprocessing = 0;
		};
/* End PBXSourcesBuildPhase section */

/* Begin PBXTargetDependency section */
		0EDCEE67299E68B000B8DAAE /* PBXTargetDependency */ = {
			isa = PBXTargetDependency;
			target = 0EDCEE4E299E68AF00B8DAAE /* Today */;
			targetProxy = 0EDCEE66299E68B000B8DAAE /* PBXContainerItemProxy */;
		};
		0EDCEE71299E68B000B8DAAE /* PBXTargetDependency */ = {
			isa = PBXTargetDependency;
			target = 0EDCEE4E299E68AF00B8DAAE /* Today */;
			targetProxy = 0EDCEE70299E68B000B8DAAE /* PBXContainerItemProxy */;
		};
/* End PBXTargetDependency section */

/* Begin PBXVariantGroup section */
		0EDCEE58299E68AF00B8DAAE /* Main.storyboard */ = {
			isa = PBXVariantGroup;
			children = (
				0EDCEE59299E68AF00B8DAAE /* Base */,
			);
			name = Main.storyboard;
			sourceTree = "<group>";
		};
		0EDCEE5D299E68B000B8DAAE /* LaunchScreen.storyboard */ = {
			isa = PBXVariantGroup;
			children = (
				0EDCEE5E299E68B000B8DAAE /* Base */,
			);
			name = LaunchScreen.storyboard;
			sourceTree = "<group>";
		};
/* End PBXVariantGroup section */

/* Begin XCBuildConfiguration section */
		0EDCEE77299E68B000B8DAAE /* Debug */ = {
			isa = XCBuildConfiguration;
			buildSettings = {
				ALWAYS_SEARCH_USER_PATHS = NO;
				CLANG_ANALYZER_NONNULL = YES;
				CLANG_ANALYZER_NUMBER_OBJECT_CONVERSION = YES_AGGRESSIVE;
				CLANG_CXX_LANGUAGE_STANDARD = "gnu++20";
				CLANG_ENABLE_MODULES = YES;
				CLANG_ENABLE_OBJC_ARC = YES;
				CLANG_ENABLE_OBJC_WEAK = YES;
				CLANG_WARN_BLOCK_CAPTURE_AUTORELEASING = YES;
				CLANG_WARN_BOOL_CONVERSION = YES;
				CLANG_WARN_COMMA = YES;
				CLANG_WARN_CONSTANT_CONVERSION = YES;
				CLANG_WARN_DEPRECATED_OBJC_IMPLEMENTATIONS = YES;
				CLANG_WARN_DIRECT_OBJC_ISA_USAGE = YES_ERROR;
				CLANG_WARN_DOCUMENTATION_COMMENTS = YES;
				CLANG_WARN_EMPTY_BODY = YES;
				CLANG_WARN_ENUM_CONVERSION = YES;
				CLANG_WARN_INFINITE_RECURSION = YES;
				CLANG_WARN_INT_CONVERSION = YES;
				CLANG_WARN_NON_LITERAL_NULL_CONVERSION = YES;
				CLANG_WARN_OBJC_IMPLICIT_RETAIN_SELF = YES;
				CLANG_WARN_OBJC_LITERAL_CONVERSION = YES;
				CLANG_WARN_OBJC_ROOT_CLASS = YES_ERROR;
				CLANG_WARN_QUOTED_INCLUDE_IN_FRAMEWORK_HEADER = YES;
				CLANG_WARN_RANGE_LOOP_ANALYSIS = YES;
				CLANG_WARN_STRICT_PROTOTYPES = YES;
				CLANG_WARN_SUSPICIOUS_MOVE = YES;
				CLANG_WARN_UNGUARDED_AVAILABILITY = YES_AGGRESSIVE;
				CLANG_WARN_UNREACHABLE_CODE = YES;
				CLANG_WARN__DUPLICATE_METHOD_MATCH = YES;
				COPY_PHASE_STRIP = NO;
				DEBUG_INFORMATION_FORMAT = dwarf;
				ENABLE_STRICT_OBJC_MSGSEND = YES;
				ENABLE_TESTABILITY = YES;
				GCC_C_LANGUAGE_STANDARD = gnu11;
				GCC_DYNAMIC_NO_PIC = NO;
				GCC_NO_COMMON_BLOCKS = YES;
				GCC_OPTIMIZATION_LEVEL = 0;
				GCC_PREPROCESSOR_DEFINITIONS = (
					"DEBUG=1",
					"$(inherited)",
				);
				GCC_WARN_64_TO_32_BIT_CONVERSION = YES;
				GCC_WARN_ABOUT_RETURN_TYPE = YES_ERROR;
				GCC_WARN_UNDECLARED_SELECTOR = YES;
				GCC_WARN_UNINITIALIZED_AUTOS = YES_AGGRESSIVE;
				GCC_WARN_UNUSED_FUNCTION = YES;
				GCC_WARN_UNUSED_VARIABLE = YES;
				IPHONEOS_DEPLOYMENT_TARGET = 16.2;
				MTL_ENABLE_DEBUG_INFO = INCLUDE_SOURCE;
				MTL_FAST_MATH = YES;
				ONLY_ACTIVE_ARCH = YES;
				SDKROOT = iphoneos;
				SWIFT_ACTIVE_COMPILATION_CONDITIONS = DEBUG;
				SWIFT_OPTIMIZATION_LEVEL = "-Onone";
			};
			name = Debug;
		};
		0EDCEE78299E68B000B8DAAE /* Release */ = {
			isa = XCBuildConfiguration;
			buildSettings = {
				ALWAYS_SEARCH_USER_PATHS = NO;
				CLANG_ANALYZER_NONNULL = YES;
				CLANG_ANALYZER_NUMBER_OBJECT_CONVERSION = YES_AGGRESSIVE;
				CLANG_CXX_LANGUAGE_STANDARD = "gnu++20";
				CLANG_ENABLE_MODULES = YES;
				CLANG_ENABLE_OBJC_ARC = YES;
				CLANG_ENABLE_OBJC_WEAK = YES;
				CLANG_WARN_BLOCK_CAPTURE_AUTORELEASING = YES;
				CLANG_WARN_BOOL_CONVERSION = YES;
				CLANG_WARN_COMMA = YES;
				CLANG_WARN_CONSTANT_CONVERSION = YES;
				CLANG_WARN_DEPRECATED_OBJC_IMPLEMENTATIONS = YES;
				CLANG_WARN_DIRECT_OBJC_ISA_USAGE = YES_ERROR;
				CLANG_WARN_DOCUMENTATION_COMMENTS = YES;
				CLANG_WARN_EMPTY_BODY = YES;
				CLANG_WARN_ENUM_CONVERSION = YES;
				CLANG_WARN_INFINITE_RECURSION = YES;
				CLANG_WARN_INT_CONVERSION = YES;
				CLANG_WARN_NON_LITERAL_NULL_CONVERSION = YES;
				CLANG_WARN_OBJC_IMPLICIT_RETAIN_SELF = YES;
				CLANG_WARN_OBJC_LITERAL_CONVERSION = YES;
				CLANG_WARN_OBJC_ROOT_CLASS = YES_ERROR;
				CLANG_WARN_QUOTED_INCLUDE_IN_FRAMEWORK_HEADER = YES;
				CLANG_WARN_RANGE_LOOP_ANALYSIS = YES;
				CLANG_WARN_STRICT_PROTOTYPES = YES;
				CLANG_WARN_SUSPICIOUS_MOVE = YES;
				CLANG_WARN_UNGUARDED_AVAILABILITY = YES_AGGRESSIVE;
				CLANG_WARN_UNREACHABLE_CODE = YES;
				CLANG_WARN__DUPLICATE_METHOD_MATCH = YES;
				COPY_PHASE_STRIP = NO;
				DEBUG_INFORMATION_FORMAT = "dwarf-with-dsym";
				ENABLE_NS_ASSERTIONS = NO;
				ENABLE_STRICT_OBJC_MSGSEND = YES;
				GCC_C_LANGUAGE_STANDARD = gnu11;
				GCC_NO_COMMON_BLOCKS = YES;
				GCC_WARN_64_TO_32_BIT_CONVERSION = YES;
				GCC_WARN_ABOUT_RETURN_TYPE = YES_ERROR;
				GCC_WARN_UNDECLARED_SELECTOR = YES;
				GCC_WARN_UNINITIALIZED_AUTOS = YES_AGGRESSIVE;
				GCC_WARN_UNUSED_FUNCTION = YES;
				GCC_WARN_UNUSED_VARIABLE = YES;
				IPHONEOS_DEPLOYMENT_TARGET = 16.2;
				MTL_ENABLE_DEBUG_INFO = NO;
				MTL_FAST_MATH = YES;
				SDKROOT = iphoneos;
				SWIFT_COMPILATION_MODE = wholemodule;
				SWIFT_OPTIMIZATION_LEVEL = "-O";
				VALIDATE_PRODUCT = YES;
			};
			name = Release;
		};
		0EDCEE7A299E68B000B8DAAE /* Debug */ = {
			isa = XCBuildConfiguration;
			buildSettings = {
				ASSETCATALOG_COMPILER_APPICON_NAME = AppIcon;
				ASSETCATALOG_COMPILER_GLOBAL_ACCENT_COLOR_NAME = AccentColor;
				CODE_SIGN_STYLE = Automatic;
				CURRENT_PROJECT_VERSION = 1;
				GENERATE_INFOPLIST_FILE = YES;
				INFOPLIST_FILE = Today/Info.plist;
				INFOPLIST_KEY_UIApplicationSupportsIndirectInputEvents = YES;
				INFOPLIST_KEY_UILaunchStoryboardName = LaunchScreen;
				INFOPLIST_KEY_UIMainStoryboardFile = Main;
				INFOPLIST_KEY_UISupportedInterfaceOrientations_iPad = "UIInterfaceOrientationPortrait UIInterfaceOrientationPortraitUpsideDown UIInterfaceOrientationLandscapeLeft UIInterfaceOrientationLandscapeRight";
				INFOPLIST_KEY_UISupportedInterfaceOrientations_iPhone = "UIInterfaceOrientationPortrait UIInterfaceOrientationLandscapeLeft UIInterfaceOrientationLandscapeRight";
				LD_RUNPATH_SEARCH_PATHS = (
					"$(inherited)",
					"@executable_path/Frameworks",
				);
				MARKETING_VERSION = 1.0;
				PRODUCT_BUNDLE_IDENTIFIER = io.snowshoe.Today;
				PRODUCT_NAME = "$(TARGET_NAME)";
				SWIFT_EMIT_LOC_STRINGS = YES;
				SWIFT_VERSION = 5.0;
				TARGETED_DEVICE_FAMILY = "1,2";
			};
			name = Debug;
		};
		0EDCEE7B299E68B000B8DAAE /* Release */ = {
			isa = XCBuildConfiguration;
			buildSettings = {
				ASSETCATALOG_COMPILER_APPICON_NAME = AppIcon;
				ASSETCATALOG_COMPILER_GLOBAL_ACCENT_COLOR_NAME = AccentColor;
				CODE_SIGN_STYLE = Automatic;
				CURRENT_PROJECT_VERSION = 1;
				GENERATE_INFOPLIST_FILE = YES;
				INFOPLIST_FILE = Today/Info.plist;
				INFOPLIST_KEY_UIApplicationSupportsIndirectInputEvents = YES;
				INFOPLIST_KEY_UILaunchStoryboardName = LaunchScreen;
				INFOPLIST_KEY_UIMainStoryboardFile = Main;
				INFOPLIST_KEY_UISupportedInterfaceOrientations_iPad = "UIInterfaceOrientationPortrait UIInterfaceOrientationPortraitUpsideDown UIInterfaceOrientationLandscapeLeft UIInterfaceOrientationLandscapeRight";
				INFOPLIST_KEY_UISupportedInterfaceOrientations_iPhone = "UIInterfaceOrientationPortrait UIInterfaceOrientationLandscapeLeft UIInterfaceOrientationLandscapeRight";
				LD_RUNPATH_SEARCH_PATHS = (
					"$(inherited)",
					"@executable_path/Frameworks",
				);
				MARKETING_VERSION = 1.0;
				PRODUCT_BUNDLE_IDENTIFIER = io.snowshoe.Today;
				PRODUCT_NAME = "$(TARGET_NAME)";
				SWIFT_EMIT_LOC_STRINGS = YES;
				SWIFT_VERSION = 5.0;
				TARGETED_DEVICE_FAMILY = "1,2";
			};
			name = Release;
		};
		0EDCEE7D299E68B000B8DAAE /* Debug */ = {
			isa = XCBuildConfiguration;
			buildSettings = {
				ALWAYS_EMBED_SWIFT_STANDARD_LIBRARIES = YES;
				BUNDLE_LOADER = "$(TEST_HOST)";
				CODE_SIGN_STYLE = Automatic;
				CURRENT_PROJECT_VERSION = 1;
				GENERATE_INFOPLIST_FILE = YES;
				IPHONEOS_DEPLOYMENT_TARGET = 16.2;
				MARKETING_VERSION = 1.0;
				PRODUCT_BUNDLE_IDENTIFIER = io.snowshoe.TodayTests;
				PRODUCT_NAME = "$(TARGET_NAME)";
				SWIFT_EMIT_LOC_STRINGS = NO;
				SWIFT_VERSION = 5.0;
				TARGETED_DEVICE_FAMILY = "1,2";
				TEST_HOST = "$(BUILT_PRODUCTS_DIR)/Today.app/$(BUNDLE_EXECUTABLE_FOLDER_PATH)/Today";
			};
			name = Debug;
		};
		0EDCEE7E299E68B000B8DAAE /* Release */ = {
			isa = XCBuildConfiguration;
			buildSettings = {
				ALWAYS_EMBED_SWIFT_STANDARD_LIBRARIES = YES;
				BUNDLE_LOADER = "$(TEST_HOST)";
				CODE_SIGN_STYLE = Automatic;
				CURRENT_PROJECT_VERSION = 1;
				GENERATE_INFOPLIST_FILE = YES;
				IPHONEOS_DEPLOYMENT_TARGET = 16.2;
				MARKETING_VERSION = 1.0;
				PRODUCT_BUNDLE_IDENTIFIER = io.snowshoe.TodayTests;
				PRODUCT_NAME = "$(TARGET_NAME)";
				SWIFT_EMIT_LOC_STRINGS = NO;
				SWIFT_VERSION = 5.0;
				TARGETED_DEVICE_FAMILY = "1,2";
				TEST_HOST = "$(BUILT_PRODUCTS_DIR)/Today.app/$(BUNDLE_EXECUTABLE_FOLDER_PATH)/Today";
			};
			name = Release;
		};
		0EDCEE80299E68B000B8DAAE /* Debug */ = {
			isa = XCBuildConfiguration;
			buildSettings = {
				ALWAYS_EMBED_SWIFT_STANDARD_LIBRARIES = YES;
				CODE_SIGN_STYLE = Automatic;
				CURRENT_PROJECT_VERSION = 1;
				GENERATE_INFOPLIST_FILE = YES;
				MARKETING_VERSION = 1.0;
				PRODUCT_BUNDLE_IDENTIFIER = io.snowshoe.TodayUITests;
				PRODUCT_NAME = "$(TARGET_NAME)";
				SWIFT_EMIT_LOC_STRINGS = NO;
				SWIFT_VERSION = 5.0;
				TARGETED_DEVICE_FAMILY = "1,2";
				TEST_TARGET_NAME = Today;
			};
			name = Debug;
		};
		0EDCEE81299E68B000B8DAAE /* Release */ = {
			isa = XCBuildConfiguration;
			buildSettings = {
				ALWAYS_EMBED_SWIFT_STANDARD_LIBRARIES = YES;
				CODE_SIGN_STYLE = Automatic;
				CURRENT_PROJECT_VERSION = 1;
				GENERATE_INFOPLIST_FILE = YES;
				MARKETING_VERSION = 1.0;
				PRODUCT_BUNDLE_IDENTIFIER = io.snowshoe.TodayUITests;
				PRODUCT_NAME = "$(TARGET_NAME)";
				SWIFT_EMIT_LOC_STRINGS = NO;
				SWIFT_VERSION = 5.0;
				TARGETED_DEVICE_FAMILY = "1,2";
				TEST_TARGET_NAME = Today;
			};
			name = Release;
		};
/* End XCBuildConfiguration section */

/* Begin XCConfigurationList section */
		0EDCEE4A299E68AF00B8DAAE /* Build configuration list for PBXProject "Today" */ = {
			isa = XCConfigurationList;
			buildConfigurations = (
				0EDCEE77299E68B000B8DAAE /* Debug */,
				0EDCEE78299E68B000B8DAAE /* Release */,
			);
			defaultConfigurationIsVisible = 0;
			defaultConfigurationName = Release;
		};
		0EDCEE79299E68B000B8DAAE /* Build configuration list for PBXNativeTarget "Today" */ = {
			isa = XCConfigurationList;
			buildConfigurations = (
				0EDCEE7A299E68B000B8DAAE /* Debug */,
				0EDCEE7B299E68B000B8DAAE /* Release */,
			);
			defaultConfigurationIsVisible = 0;
			defaultConfigurationName = Release;
		};
		0EDCEE7C299E68B000B8DAAE /* Build configuration list for PBXNativeTarget "TodayTests" */ = {
			isa = XCConfigurationList;
			buildConfigurations = (
				0EDCEE7D299E68B000B8DAAE /* Debug */,
				0EDCEE7E299E68B000B8DAAE /* Release */,
			);
			defaultConfigurationIsVisible = 0;
			defaultConfigurationName = Release;
		};
		0EDCEE7F299E68B000B8DAAE /* Build configuration list for PBXNativeTarget "TodayUITests" */ = {
			isa = XCConfigurationList;
			buildConfigurations = (
				0EDCEE80299E68B000B8DAAE /* Debug */,
				0EDCEE81299E68B000B8DAAE /* Release */,
			);
			defaultConfigurationIsVisible = 0;
			defaultConfigurationName = Release;
		};
/* End XCConfigurationList section */
	};
	rootObject = 0EDCEE47299E68AF00B8DAAE /* Project object */;
}
